
Microsoft Visual Studio Solution File, Format Version 12.00
# Visual Studio Version 16
VisualStudioVersion = 16.0.31727.386
MinimumVisualStudioVersion = 10.0.40219.1
Project("{9A19103F-16F7-4668-BE54-9A1E7A4F7556}") = "Tfl.Console", "Tfl.Console\Tfl.Console.csproj", "{D5C49E36-8367-4DBF-BC86-5952CB144F5D}"
EndProject
Project("{FAE04EC0-301F-11D3-BF4B-00C04F79EFBC}") = "Tfl.Road.AppServices", "Tfl.Road.AppServices\Tfl.Road.AppServices.csproj", "{B8C2E9B5-6B70-4299-9286-B39E3F96C8D1}"
EndProject
Project("{FAE04EC0-301F-11D3-BF4B-00C04F79EFBC}") = "Tfl.Road.UnitTests", "Tfl.Road.UnitTests\Tfl.Road.UnitTests.csproj", "{8EAF6B38-C612-49B5-9EE6-10BD2106B444}"
EndProject
Global
	GlobalSection(SolutionConfigurationPlatforms) = preSolution
		Debug|Any CPU = Debug|Any CPU
		Release|Any CPU = Release|Any CPU
	EndGlobalSection
	GlobalSection(ProjectConfigurationPlatforms) = postSolution
		{D5C49E36-8367-4DBF-BC86-5952CB144F5D}.Debug|Any CPU.ActiveCfg = Debug|Any CPU
		{D5C49E36-8367-4DBF-BC86-5952CB144F5D}.Debug|Any CPU.Build.0 = Debug|Any CPU
		{D5C49E36-8367-4DBF-BC86-5952CB144F5D}.Release|Any CPU.ActiveCfg = Release|Any CPU
		{D5C49E36-8367-4DBF-BC86-5952CB144F5D}.Release|Any CPU.Build.0 = Release|Any CPU
		{B8C2E9B5-6B70-4299-9286-B39E3F96C8D1}.Debug|Any CPU.ActiveCfg = Debug|Any CPU
		{B8C2E9B5-6B70-4299-9286-B39E3F96C8D1}.Debug|Any CPU.Build.0 = Debug|Any CPU
		{B8C2E9B5-6B70-4299-9286-B39E3F96C8D1}.Release|Any CPU.ActiveCfg = Release|Any CPU
		{B8C2E9B5-6B70-4299-9286-B39E3F96C8D1}.Release|Any CPU.Build.0 = Release|Any CPU
		{8EAF6B38-C612-49B5-9EE6-10BD2106B444}.Debug|Any CPU.ActiveCfg = Debug|Any CPU
		{8EAF6B38-C612-49B5-9EE6-10BD2106B444}.Debug|Any CPU.Build.0 = Debug|Any CPU
		{8EAF6B38-C612-49B5-9EE6-10BD2106B444}.Release|Any CPU.ActiveCfg = Release|Any CPU
		{8EAF6B38-C612-49B5-9EE6-10BD2106B444}.Release|Any CPU.Build.0 = Release|Any CPU
	EndGlobalSection
	GlobalSection(SolutionProperties) = preSolution
		HideSolutionNode = FALSE
	EndGlobalSection
	GlobalSection(ExtensibilityGlobals) = postSolution
		SolutionGuid = {F87D95AA-8053-48F7-B1B4-CF755A013E88}
	EndGlobalSection
EndGlobal
